
Microsoft Visual Studio Solution File, Format Version 12.00
# Visual Studio 15
Project("{FAE04EC0-301F-11D3-BF4B-00C04F79EFBC}") = "Assembly-CSharp-Editor", "Assembly-CSharp-Editor.csproj", "{0F970AAF-7739-A024-F5F8-B76221A9C01E}"
EndProject
Project("{FAE04EC0-301F-11D3-BF4B-00C04F79EFBC}") = "Assembly-CSharp", "Assembly-CSharp.csproj", "{A044224F-0E96-8461-57B5-E9C29192FCC1}"
EndProject
Global
	GlobalSection(SolutionConfigurationPlatforms) = preSolution
		Debug|Any CPU = Debug|Any CPU
		Release|Any CPU = Release|Any CPU
	EndGlobalSection
	GlobalSection(ProjectConfigurationPlatforms) = postSolution
		{0F970AAF-7739-A024-F5F8-B76221A9C01E}.Debug|Any CPU.ActiveCfg = Debug|Any CPU
		{0F970AAF-7739-A024-F5F8-B76221A9C01E}.Debug|Any CPU.Build.0 = Debug|Any CPU
		{0F970AAF-7739-A024-F5F8-B76221A9C01E}.Release|Any CPU.ActiveCfg = Release|Any CPU
		{0F970AAF-7739-A024-F5F8-B76221A9C01E}.Release|Any CPU.Build.0 = Release|Any CPU
		{A044224F-0E96-8461-57B5-E9C29192FCC1}.Debug|Any CPU.ActiveCfg = Debug|Any CPU
		{A044224F-0E96-8461-57B5-E9C29192FCC1}.Debug|Any CPU.Build.0 = Debug|Any CPU
		{A044224F-0E96-8461-57B5-E9C29192FCC1}.Release|Any CPU.ActiveCfg = Release|Any CPU
		{A044224F-0E96-8461-57B5-E9C29192FCC1}.Release|Any CPU.Build.0 = Release|Any CPU
	EndGlobalSection
	GlobalSection(SolutionProperties) = preSolution
		HideSolutionNode = FALSE
	EndGlobalSection
EndGlobal
